
Microsoft Visual Studio Solution File, Format Version 12.00
# Visual Studio Version 17
VisualStudioVersion = 17.8.34525.116
MinimumVisualStudioVersion = 10.0.40219.1
Project("{2150E333-8FDC-42A3-9474-1A3956D46DE8}") = "Core", "Core", "{CB92153D-A590-4852-BD00-438DD6E79494}"
EndProject
Project("{FAE04EC0-301F-11D3-BF4B-00C04F79EFBC}") = "ECommerceAPI.Domain", "Core\ECommerceAPI.Domain\ECommerceAPI.Domain.csproj", "{12F481D7-BBC6-406A-970C-493D0475EBA6}"
EndProject
Project("{FAE04EC0-301F-11D3-BF4B-00C04F79EFBC}") = "ECommerceAPI.Application", "Core\ECommerceAPI.Application\ECommerceAPI.Application.csproj", "{7EC25895-C537-4B83-B095-CD11DBB720E8}"
EndProject
Project("{2150E333-8FDC-42A3-9474-1A3956D46DE8}") = "Infrastructure", "Infrastructure", "{A1016D93-5EB4-48BC-9E62-0040E91E51E5}"
EndProject
Project("{FAE04EC0-301F-11D3-BF4B-00C04F79EFBC}") = "ECommerceAPI.Infrastructure", "Infrastructure\ECommerceAPI.Infrastructure\ECommerceAPI.Infrastructure.csproj", "{2C81C9D7-F6C6-4A93-8899-A26351C40E7C}"
EndProject
Project("{FAE04EC0-301F-11D3-BF4B-00C04F79EFBC}") = "ECommerceAPI.Persistence", "Infrastructure\ECommerceAPI.Persistence\ECommerceAPI.Persistence.csproj", "{AD3B4B4A-550C-414D-BA10-E0886634C9FA}"
EndProject
Project("{2150E333-8FDC-42A3-9474-1A3956D46DE8}") = "Presentation", "Presentation", "{C3413939-B019-4C2B-B124-856C717FAE79}"
EndProject
Project("{FAE04EC0-301F-11D3-BF4B-00C04F79EFBC}") = "ECommerceAPI.API", "Presentation\ECommerceAPI.API\ECommerceAPI.API.csproj", "{2E25A57F-4933-44C8-80D8-FAE68F49BCD8}"
EndProject
Global
	GlobalSection(SolutionConfigurationPlatforms) = preSolution
		Debug|Any CPU = Debug|Any CPU
		Release|Any CPU = Release|Any CPU
	EndGlobalSection
	GlobalSection(ProjectConfigurationPlatforms) = postSolution
		{12F481D7-BBC6-406A-970C-493D0475EBA6}.Debug|Any CPU.ActiveCfg = Debug|Any CPU
		{12F481D7-BBC6-406A-970C-493D0475EBA6}.Debug|Any CPU.Build.0 = Debug|Any CPU
		{12F481D7-BBC6-406A-970C-493D0475EBA6}.Release|Any CPU.ActiveCfg = Release|Any CPU
		{12F481D7-BBC6-406A-970C-493D0475EBA6}.Release|Any CPU.Build.0 = Release|Any CPU
		{7EC25895-C537-4B83-B095-CD11DBB720E8}.Debug|Any CPU.ActiveCfg = Debug|Any CPU
		{7EC25895-C537-4B83-B095-CD11DBB720E8}.Debug|Any CPU.Build.0 = Debug|Any CPU
		{7EC25895-C537-4B83-B095-CD11DBB720E8}.Release|Any CPU.ActiveCfg = Release|Any CPU
		{7EC25895-C537-4B83-B095-CD11DBB720E8}.Release|Any CPU.Build.0 = Release|Any CPU
		{2C81C9D7-F6C6-4A93-8899-A26351C40E7C}.Debug|Any CPU.ActiveCfg = Debug|Any CPU
		{2C81C9D7-F6C6-4A93-8899-A26351C40E7C}.Debug|Any CPU.Build.0 = Debug|Any CPU
		{2C81C9D7-F6C6-4A93-8899-A26351C40E7C}.Release|Any CPU.ActiveCfg = Release|Any CPU
		{2C81C9D7-F6C6-4A93-8899-A26351C40E7C}.Release|Any CPU.Build.0 = Release|Any CPU
		{AD3B4B4A-550C-414D-BA10-E0886634C9FA}.Debug|Any CPU.ActiveCfg = Debug|Any CPU
		{AD3B4B4A-550C-414D-BA10-E0886634C9FA}.Debug|Any CPU.Build.0 = Debug|Any CPU
		{AD3B4B4A-550C-414D-BA10-E0886634C9FA}.Release|Any CPU.ActiveCfg = Release|Any CPU
		{AD3B4B4A-550C-414D-BA10-E0886634C9FA}.Release|Any CPU.Build.0 = Release|Any CPU
		{2E25A57F-4933-44C8-80D8-FAE68F49BCD8}.Debug|Any CPU.ActiveCfg = Debug|Any CPU
		{2E25A57F-4933-44C8-80D8-FAE68F49BCD8}.Debug|Any CPU.Build.0 = Debug|Any CPU
		{2E25A57F-4933-44C8-80D8-FAE68F49BCD8}.Release|Any CPU.ActiveCfg = Release|Any CPU
		{2E25A57F-4933-44C8-80D8-FAE68F49BCD8}.Release|Any CPU.Build.0 = Release|Any CPU
	EndGlobalSection
	GlobalSection(SolutionProperties) = preSolution
		HideSolutionNode = FALSE
	EndGlobalSection
	GlobalSection(NestedProjects) = preSolution
		{12F481D7-BBC6-406A-970C-493D0475EBA6} = {CB92153D-A590-4852-BD00-438DD6E79494}
		{7EC25895-C537-4B83-B095-CD11DBB720E8} = {CB92153D-A590-4852-BD00-438DD6E79494}
		{2C81C9D7-F6C6-4A93-8899-A26351C40E7C} = {A1016D93-5EB4-48BC-9E62-0040E91E51E5}
		{AD3B4B4A-550C-414D-BA10-E0886634C9FA} = {A1016D93-5EB4-48BC-9E62-0040E91E51E5}
		{2E25A57F-4933-44C8-80D8-FAE68F49BCD8} = {C3413939-B019-4C2B-B124-856C717FAE79}
	EndGlobalSection
	GlobalSection(ExtensibilityGlobals) = postSolution
		SolutionGuid = {58AFC1CC-023D-45BF-A98A-B445D8119B0C}
	EndGlobalSection
EndGlobal
